
Microsoft Visual Studio Solution File, Format Version 12.00
# Visual Studio 15
VisualStudioVersion = 15.0.26430.6
MinimumVisualStudioVersion = 10.0.40219.1
Project("{FAE04EC0-301F-11D3-BF4B-00C04F79EFBC}") = "DAQ Data Logger", "DAQ Data Logger\DAQ Data Logger.csproj", "{A5294FF1-5EF9-48E7-81B0-6419FE948E1B}"
EndProject
Project("{54435603-DBB4-11D2-8724-00A0C9A8B90C}") = "MccDAQ Logger Setup", "MccDAQ Logger Setup\MccDAQ Logger Setup.vdproj", "{C6B2ECA3-5F00-4650-9584-1C9921AB8E45}"
EndProject
Global
	GlobalSection(SolutionConfigurationPlatforms) = preSolution
		Debug|Any CPU = Debug|Any CPU
		Release|Any CPU = Release|Any CPU
	EndGlobalSection
	GlobalSection(ProjectConfigurationPlatforms) = postSolution
		{A5294FF1-5EF9-48E7-81B0-6419FE948E1B}.Debug|Any CPU.ActiveCfg = Debug|Any CPU
		{A5294FF1-5EF9-48E7-81B0-6419FE948E1B}.Debug|Any CPU.Build.0 = Debug|Any CPU
		{A5294FF1-5EF9-48E7-81B0-6419FE948E1B}.Release|Any CPU.ActiveCfg = Release|Any CPU
		{A5294FF1-5EF9-48E7-81B0-6419FE948E1B}.Release|Any CPU.Build.0 = Release|Any CPU
		{C6B2ECA3-5F00-4650-9584-1C9921AB8E45}.Debug|Any CPU.ActiveCfg = Debug
		{C6B2ECA3-5F00-4650-9584-1C9921AB8E45}.Release|Any CPU.ActiveCfg = Release
		{C6B2ECA3-5F00-4650-9584-1C9921AB8E45}.Release|Any CPU.Build.0 = Release
	EndGlobalSection
	GlobalSection(SolutionProperties) = preSolution
		HideSolutionNode = FALSE
	EndGlobalSection
EndGlobal
